{
  "originHash" : "1d0544883dbbec1a52a8f91f531545e030b896f0110ee27e61b6f96d51a2778b",
  "pins" : [
    {
      "identity" : "contentful-persistence.swift",
      "kind" : "remoteSourceControl",
      "location" : "https://github.com/contentful/contentful-persistence.swift",
      "state" : {
        "revision" : "20bc48ec0e0f959d69239e09a2a61f68b8841e4d",
        "version" : "0.18.1"
      }
    },
    {
      "identity" : "contentful.swift",
      "kind" : "remoteSourceControl",
      "location" : "https://github.com/contentful/contentful.swift",
      "state" : {
        "revision" : "a8124b0c0f151d6aff40fbb7663632dbc0b279e4",
        "version" : "5.5.13"
      }
    },
    {
      "identity" : "ifrit",
      "kind" : "remoteSourceControl",
      "location" : "https://github.com/ukushu/Ifrit",
      "state" : {
        "revision" : "9b9556e14cee24ad16b19d0eb099283cf79a7d94",
        "version" : "3.0.0"
      }
    },
    {
      "identity" : "inject",
      "kind" : "remoteSourceControl",
      "location" : "https://github.com/krzysztofzablocki/Inject",
      "state" : {
        "revision" : "728c56639ecb3df441d51d5bc6747329afabcfc9",
        "version" : "1.5.2"
      }
    },
    {
      "identity" : "swiftcsv",
      "kind" : "remoteSourceControl",
      "location" : "https://github.com/swiftcsv/SwiftCSV",
      "state" : {
        "revision" : "6ab5d0fe9b6ef3c79d717eefa70862df389e74d9",
        "version" : "0.10.0"
      }
    }
  ],
  "version" : 3
}
