{
  "originHash" : "3e2727e36eec840f564865d4429bf1e58f7fb1760d9dd100618e5e421492c2c9",
  "pins" : [
    {
      "identity" : "contentful-persistence.swift",
      "kind" : "remoteSourceControl",
      "location" : "https://github.com/contentful/contentful-persistence.swift",
      "state" : {
        "revision" : "20bc48ec0e0f959d69239e09a2a61f68b8841e4d",
        "version" : "0.18.1"
      }
    },
    {
      "identity" : "contentful.swift",
      "kind" : "remoteSourceControl",
      "location" : "https://github.com/contentful/contentful.swift",
      "state" : {
        "revision" : "a8124b0c0f151d6aff40fbb7663632dbc0b279e4",
        "version" : "5.5.13"
      }
    },
    {
      "identity" : "ifrit",
      "kind" : "remoteSourceControl",
      "location" : "https://github.com/ukushu/Ifrit",
      "state" : {
        "revision" : "9b9556e14cee24ad16b19d0eb099283cf79a7d94",
        "version" : "3.0.0"
      }
    },
    {
      "identity" : "swiftcsv",
      "kind" : "remoteSourceControl",
      "location" : "https://github.com/swiftcsv/SwiftCSV",
      "state" : {
        "revision" : "6ab5d0fe9b6ef3c79d717eefa70862df389e74d9",
        "version" : "0.10.0"
      }
    },
    {
      "identity" : "swiftui-cached-async-image",
      "kind" : "remoteSourceControl",
      "location" : "https://github.com/lorenzofiamingo/swiftui-cached-async-image",
      "state" : {
        "revision" : "467a3d17479887943ab917a379e62bbaff60ac8a",
        "version" : "2.1.1"
      }
    }
  ],
  "version" : 3
}
