{
  "originHash" : "1d0544883dbbec1a52a8f91f531545e030b896f0110ee27e61b6f96d51a2778b",
  "pins" : [
    {
      "identity" : "contentful-persistence.swift",
      "kind" : "remoteSourceControl",
      "location" : "https://github.com/contentful/contentful-persistence.swift",
      "state" : {
        "revision" : "53fafd5b119b2644f792637b118e1ad13eb8db9b",
        "version" : "0.18.2"
      }
    },
    {
      "identity" : "contentful.swift",
      "kind" : "remoteSourceControl",
      "location" : "https://github.com/contentful/contentful.swift",
      "state" : {
        "revision" : "687a62d7b11c0772dc99119763c4a9a6365a4c32",
        "version" : "5.5.15"
      }
    },
    {
      "identity" : "ifrit",
      "kind" : "remoteSourceControl",
      "location" : "https://github.com/ukushu/Ifrit",
      "state" : {
        "revision" : "7c889a67bad90c5efefa56889b2d61bfbb831473",
        "version" : "4.0.0"
      }
    },
    {
      "identity" : "swiftcsv",
      "kind" : "remoteSourceControl",
      "location" : "https://github.com/swiftcsv/SwiftCSV",
      "state" : {
        "revision" : "6ab5d0fe9b6ef3c79d717eefa70862df389e74d9",
        "version" : "0.10.0"
      }
    }
  ],
  "version" : 3
}
