// !$*UTF8*$!
{
	archiveVersion = 1;
	classes = {
	};
	objectVersion = 77;
	objects = {

/* Begin PBXBuildFile section */
		7558CB4C2E1CEF2F00D92477 /* Ifrit in Frameworks */ = {isa = PBXBuildFile; productRef = 7558CB4B2E1CEF2F00D92477 /* Ifrit */; };
		7558CB4D2E1CEF2F00D92477 /* Ifrit in Embed Frameworks */ = {isa = PBXBuildFile; productRef = 7558CB4B2E1CEF2F00D92477 /* Ifrit */; settings = {ATTRIBUTES = (CodeSignOnCopy, ); }; };
		7589F8182E1B29E5005C31D9 /* ContentfulPersistence in Frameworks */ = {isa = PBXBuildFile; productRef = 7589F8172E1B29E5005C31D9 /* ContentfulPersistence */; };
		7589F82D2E1B4203005C31D9 /* README.md in Resources */ = {isa = PBXBuildFile; fileRef = 7589F82C2E1B4203005C31D9 /* README.md */; };
		758F7A2B2E1E2D58007CDCC8 /* SwiftCSV in Frameworks */ = {isa = PBXBuildFile; productRef = 758F7A2A2E1E2D58007CDCC8 /* SwiftCSV */; };
		694D9E5DAF914F79883DD791 /* SagaUITests.swift in Sources */ = {isa = PBXBuildFile; fileRef = FCA819EDF6E64B3F834D7698 /* SagaUITests.swift */; };
		5D6A8B317F8C4A9DB0C1D2E6 /* AccessibilityID.swift in Sources */ = {isa = PBXBuildFile; fileRef = 5D6A8B307F8C4A9DB0C1D2E5 /* AccessibilityID.swift */; };
/* End PBXBuildFile section */

/* Begin PBXContainerItemProxy section */
		D79A85D91E1B4AF2AEFF4908 /* PBXContainerItemProxy */ = {
			isa = PBXContainerItemProxy;
			containerPortal = 7589F7F72E1B2299005C31D9 /* Project object */;
			proxyType = 1;
			remoteGlobalIDString = 7589F7FE2E1B2299005C31D9 /* Saga */;
			remoteInfo = Saga;
		};
/* End PBXContainerItemProxy section */

/* Begin PBXCopyFilesBuildPhase section */
		7558CB4E2E1CEF2F00D92477 /* Embed Frameworks */ = {
			isa = PBXCopyFilesBuildPhase;
			buildActionMask = 2147483647;
			dstPath = "";
			dstSubfolderSpec = 10;
			files = (
				7558CB4D2E1CEF2F00D92477 /* Ifrit in Embed Frameworks */,
			);
			name = "Embed Frameworks";
			runOnlyForDeploymentPostprocessing = 0;
		};
/* End PBXCopyFilesBuildPhase section */

/* Begin PBXFileReference section */
		7589F7FF2E1B2299005C31D9 /* Saga.app */ = {isa = PBXFileReference; explicitFileType = wrapper.application; includeInIndex = 0; path = Saga.app; sourceTree = BUILT_PRODUCTS_DIR; };
		7589F82C2E1B4203005C31D9 /* README.md */ = {isa = PBXFileReference; lastKnownFileType = net.daringfireball.markdown; name = README.md; path = ../README.md; sourceTree = SOURCE_ROOT; };
		98D8986E6870409A896B460D /* SagaUITests.xctest */ = {isa = PBXFileReference; explicitFileType = wrapper.cfbundle; includeInIndex = 0; path = SagaUITests.xctest; sourceTree = BUILT_PRODUCTS_DIR; };
		5D6A8B307F8C4A9DB0C1D2E5 /* AccessibilityID.swift */ = {isa = PBXFileReference; lastKnownFileType = sourcecode.swift; name = AccessibilityID.swift; path = ../Saga/Shared/Models/AccessibilityID.swift; sourceTree = "<group>"; };
		FCA819EDF6E64B3F834D7698 /* SagaUITests.swift */ = {isa = PBXFileReference; lastKnownFileType = sourcecode.swift; path = SagaUITests.swift; sourceTree = "<group>"; };
/* End PBXFileReference section */

/* Begin PBXFileSystemSynchronizedBuildFileExceptionSet section */
		7589F8252E1B3F90005C31D9 /* Exceptions for "Saga" folder in "Saga" target */ = {
			isa = PBXFileSystemSynchronizedBuildFileExceptionSet;
			membershipExceptions = (
				Config/Config.xcconfig,
				Config/Info.plist,
			);
			target = 7589F7FE2E1B2299005C31D9 /* Saga */;
		};
/* End PBXFileSystemSynchronizedBuildFileExceptionSet section */

/* Begin PBXFileSystemSynchronizedRootGroup section */
		7589F8012E1B2299005C31D9 /* Saga */ = {
			isa = PBXFileSystemSynchronizedRootGroup;
			exceptions = (
				7589F8252E1B3F90005C31D9 /* Exceptions for "Saga" folder in "Saga" target */,
			);
			path = Saga;
			sourceTree = "<group>";
		};
/* End PBXFileSystemSynchronizedRootGroup section */

/* Begin PBXFrameworksBuildPhase section */
		7589F7FC2E1B2299005C31D9 /* Frameworks */ = {
			isa = PBXFrameworksBuildPhase;
			buildActionMask = 2147483647;
			files = (
				7558CB4C2E1CEF2F00D92477 /* Ifrit in Frameworks */,
				758F7A2B2E1E2D58007CDCC8 /* SwiftCSV in Frameworks */,
				7589F8182E1B29E5005C31D9 /* ContentfulPersistence in Frameworks */,
			);
			runOnlyForDeploymentPostprocessing = 0;
		};
		2DE7BCF282DF49FCBC7188C4 /* Frameworks */ = {
			isa = PBXFrameworksBuildPhase;
			buildActionMask = 2147483647;
			files = (
			);
			runOnlyForDeploymentPostprocessing = 0;
		};
/* End PBXFrameworksBuildPhase section */

/* Begin PBXGroup section */
		7558CB4A2E1CEF2F00D92477 /* Frameworks */ = {
			isa = PBXGroup;
			children = (
			);
			name = Frameworks;
			sourceTree = "<group>";
		};
		4C22A9F2BD9645BAAF64D4CD /* SagaUITests */ = {
			isa = PBXGroup;
			children = (
				5D6A8B307F8C4A9DB0C1D2E5 /* AccessibilityID.swift */,
				FCA819EDF6E64B3F834D7698 /* SagaUITests.swift */,
			);
			path = SagaUITests;
			sourceTree = "<group>";
		};
		7589F7F62E1B2299005C31D9 = {
			isa = PBXGroup;
			children = (
				7589F82C2E1B4203005C31D9 /* README.md */,
				7589F8012E1B2299005C31D9 /* Saga */,
				4C22A9F2BD9645BAAF64D4CD /* SagaUITests */,
				7558CB4A2E1CEF2F00D92477 /* Frameworks */,
				7589F8002E1B2299005C31D9 /* Products */,
			);
			sourceTree = "<group>";
		};
		7589F8002E1B2299005C31D9 /* Products */ = {
			isa = PBXGroup;
			children = (
				7589F7FF2E1B2299005C31D9 /* Saga.app */,
				98D8986E6870409A896B460D /* SagaUITests.xctest */,
			);
			name = Products;
			sourceTree = "<group>";
		};
/* End PBXGroup section */

/* Begin PBXNativeTarget section */
		7589F7FE2E1B2299005C31D9 /* Saga */ = {
			isa = PBXNativeTarget;
			buildConfigurationList = 7589F8102E1B229B005C31D9 /* Build configuration list for PBXNativeTarget "Saga" */;
			buildPhases = (
				7589F7FB2E1B2299005C31D9 /* Sources */,
				7589F7FC2E1B2299005C31D9 /* Frameworks */,
				7589F7FD2E1B2299005C31D9 /* Resources */,
				7558CB4E2E1CEF2F00D92477 /* Embed Frameworks */,
			);
			buildRules = (
			);
			dependencies = (
			);
			fileSystemSynchronizedGroups = (
				7589F8012E1B2299005C31D9 /* Saga */,
			);
			name = Saga;
			packageProductDependencies = (
				7589F8172E1B29E5005C31D9 /* ContentfulPersistence */,
				7558CB4B2E1CEF2F00D92477 /* Ifrit */,
				758F7A2A2E1E2D58007CDCC8 /* SwiftCSV */,
			);
			productName = Saga;
			productReference = 7589F7FF2E1B2299005C31D9 /* Saga.app */;
			productType = "com.apple.product-type.application";
		};
		B20A17E4FF1C44608D0FD6B1 /* SagaUITests */ = {
			isa = PBXNativeTarget;
			buildConfigurationList = 6568DAA4BF89485CBEEEA555 /* Build configuration list for PBXNativeTarget "SagaUITests" */;
			buildPhases = (
				DD1DC97CC52A4A33BEC2DAF6 /* Sources */,
				2DE7BCF282DF49FCBC7188C4 /* Frameworks */,
				D87AA53205A849E793A2456D /* Resources */,
			);
			buildRules = (
			);
			dependencies = (
				781FE2BD92414901BECC4ACC /* PBXTargetDependency */,
			);
			name = SagaUITests;
			productName = SagaUITests;
			productReference = 98D8986E6870409A896B460D /* SagaUITests.xctest */;
			productType = "com.apple.product-type.bundle.ui-testing";
		};
/* End PBXNativeTarget section */

/* Begin PBXProject section */
		7589F7F72E1B2299005C31D9 /* Project object */ = {
			isa = PBXProject;
			attributes = {
				BuildIndependentTargetsInParallel = 1;
				LastSwiftUpdateCheck = 1640;
				LastUpgradeCheck = 2600;
				TargetAttributes = {
					7589F7FE2E1B2299005C31D9 = {
						CreatedOnToolsVersion = 16.4;
					};
					B20A17E4FF1C44608D0FD6B1 = {
						CreatedOnToolsVersion = 16.4;
						TestTargetID = 7589F7FE2E1B2299005C31D9;
					};
				};
			};
			buildConfigurationList = 7589F7FA2E1B2299005C31D9 /* Build configuration list for PBXProject "Saga" */;
			developmentRegion = en;
			hasScannedForEncodings = 0;
			knownRegions = (
				en,
				Base,
			);
			mainGroup = 7589F7F62E1B2299005C31D9;
			minimizedProjectReferenceProxies = 1;
			packageReferences = (
				7589F8162E1B29E5005C31D9 /* XCRemoteSwiftPackageReference "contentful-persistence" */,
				7558CB442E1CE7E300D92477 /* XCRemoteSwiftPackageReference "Ifrit" */,
				758F7A292E1E2D58007CDCC8 /* XCRemoteSwiftPackageReference "SwiftCSV" */,
			);
			preferredProjectObjectVersion = 77;
			productRefGroup = 7589F8002E1B2299005C31D9 /* Products */;
			projectDirPath = "";
			projectRoot = "";
			targets = (
				7589F7FE2E1B2299005C31D9 /* Saga */,
				B20A17E4FF1C44608D0FD6B1 /* SagaUITests */,
			);
		};
/* End PBXProject section */

/* Begin PBXResourcesBuildPhase section */
		7589F7FD2E1B2299005C31D9 /* Resources */ = {
			isa = PBXResourcesBuildPhase;
			buildActionMask = 2147483647;
			files = (
				7589F82D2E1B4203005C31D9 /* README.md in Resources */,
			);
			runOnlyForDeploymentPostprocessing = 0;
		};
		D87AA53205A849E793A2456D /* Resources */ = {
			isa = PBXResourcesBuildPhase;
			buildActionMask = 2147483647;
			files = (
			);
			runOnlyForDeploymentPostprocessing = 0;
		};
/* End PBXResourcesBuildPhase section */

/* Begin PBXSourcesBuildPhase section */
		7589F7FB2E1B2299005C31D9 /* Sources */ = {
			isa = PBXSourcesBuildPhase;
			buildActionMask = 2147483647;
			files = (
			);
			runOnlyForDeploymentPostprocessing = 0;
		};
		DD1DC97CC52A4A33BEC2DAF6 /* Sources */ = {
			isa = PBXSourcesBuildPhase;
			buildActionMask = 2147483647;
			files = (
				5D6A8B317F8C4A9DB0C1D2E6 /* AccessibilityID.swift in Sources */,
				694D9E5DAF914F79883DD791 /* SagaUITests.swift in Sources */,
			);
			runOnlyForDeploymentPostprocessing = 0;
		};
/* End PBXSourcesBuildPhase section */

/* Begin PBXTargetDependency section */
		781FE2BD92414901BECC4ACC /* PBXTargetDependency */ = {
			isa = PBXTargetDependency;
			target = 7589F7FE2E1B2299005C31D9 /* Saga */;
			targetProxy = D79A85D91E1B4AF2AEFF4908 /* PBXContainerItemProxy */;
		};
/* End PBXTargetDependency section */

/* Begin XCBuildConfiguration section */
		7589F80E2E1B229B005C31D9 /* Debug */ = {
			isa = XCBuildConfiguration;
			baseConfigurationReferenceAnchor = 7589F8012E1B2299005C31D9 /* Saga */;
			baseConfigurationReferenceRelativePath = Config/Config.xcconfig;
			buildSettings = {
				ALWAYS_SEARCH_USER_PATHS = NO;
				ASSETCATALOG_COMPILER_GENERATE_SWIFT_ASSET_SYMBOL_EXTENSIONS = YES;
				CLANG_ANALYZER_NONNULL = YES;
				CLANG_ANALYZER_NUMBER_OBJECT_CONVERSION = YES_AGGRESSIVE;
				CLANG_CXX_LANGUAGE_STANDARD = "gnu++20";
				CLANG_ENABLE_MODULES = YES;
				CLANG_ENABLE_OBJC_ARC = YES;
				CLANG_ENABLE_OBJC_WEAK = YES;
				CLANG_WARN_BLOCK_CAPTURE_AUTORELEASING = YES;
				CLANG_WARN_BOOL_CONVERSION = YES;
				CLANG_WARN_COMMA = YES;
				CLANG_WARN_CONSTANT_CONVERSION = YES;
				CLANG_WARN_DEPRECATED_OBJC_IMPLEMENTATIONS = YES;
				CLANG_WARN_DIRECT_OBJC_ISA_USAGE = YES_ERROR;
				CLANG_WARN_DOCUMENTATION_COMMENTS = YES;
				CLANG_WARN_EMPTY_BODY = YES;
				CLANG_WARN_ENUM_CONVERSION = YES;
				CLANG_WARN_INFINITE_RECURSION = YES;
				CLANG_WARN_INT_CONVERSION = YES;
				CLANG_WARN_NON_LITERAL_NULL_CONVERSION = YES;
				CLANG_WARN_OBJC_IMPLICIT_RETAIN_SELF = YES;
				CLANG_WARN_OBJC_LITERAL_CONVERSION = YES;
				CLANG_WARN_OBJC_ROOT_CLASS = YES_ERROR;
				CLANG_WARN_QUOTED_INCLUDE_IN_FRAMEWORK_HEADER = YES;
				CLANG_WARN_RANGE_LOOP_ANALYSIS = YES;
				CLANG_WARN_STRICT_PROTOTYPES = YES;
				CLANG_WARN_SUSPICIOUS_MOVE = YES;
				CLANG_WARN_UNGUARDED_AVAILABILITY = YES_AGGRESSIVE;
				CLANG_WARN_UNREACHABLE_CODE = YES;
				CLANG_WARN__DUPLICATE_METHOD_MATCH = YES;
				COPY_PHASE_STRIP = NO;
				DEAD_CODE_STRIPPING = YES;
				DEBUG_INFORMATION_FORMAT = dwarf;
				DEVELOPMENT_TEAM = KCH4HBZ68M;
				ENABLE_STRICT_OBJC_MSGSEND = YES;
				ENABLE_TESTABILITY = YES;
				ENABLE_USER_SCRIPT_SANDBOXING = YES;
				GCC_C_LANGUAGE_STANDARD = gnu17;
				GCC_DYNAMIC_NO_PIC = NO;
				GCC_NO_COMMON_BLOCKS = YES;
				GCC_OPTIMIZATION_LEVEL = 0;
				GCC_PREPROCESSOR_DEFINITIONS = (
					"DEBUG=1",
					"$(inherited)",
				);
				GCC_WARN_64_TO_32_BIT_CONVERSION = YES;
				GCC_WARN_ABOUT_RETURN_TYPE = YES_ERROR;
				GCC_WARN_UNDECLARED_SELECTOR = YES;
				GCC_WARN_UNINITIALIZED_AUTOS = YES_AGGRESSIVE;
				GCC_WARN_UNUSED_FUNCTION = YES;
				GCC_WARN_UNUSED_VARIABLE = YES;
				LOCALIZATION_PREFERS_STRING_CATALOGS = YES;
				MTL_ENABLE_DEBUG_INFO = INCLUDE_SOURCE;
				MTL_FAST_MATH = YES;
				ONLY_ACTIVE_ARCH = YES;
				STRING_CATALOG_GENERATE_SYMBOLS = YES;
				SWIFT_ACTIVE_COMPILATION_CONDITIONS = "DEBUG $(inherited)";
				SWIFT_OPTIMIZATION_LEVEL = "-Onone";
			};
			name = Debug;
		};
		7589F80F2E1B229B005C31D9 /* Release */ = {
			isa = XCBuildConfiguration;
			baseConfigurationReferenceAnchor = 7589F8012E1B2299005C31D9 /* Saga */;
			baseConfigurationReferenceRelativePath = Config/Config.xcconfig;
			buildSettings = {
				ALWAYS_SEARCH_USER_PATHS = NO;
				ASSETCATALOG_COMPILER_GENERATE_SWIFT_ASSET_SYMBOL_EXTENSIONS = YES;
				CLANG_ANALYZER_NONNULL = YES;
				CLANG_ANALYZER_NUMBER_OBJECT_CONVERSION = YES_AGGRESSIVE;
				CLANG_CXX_LANGUAGE_STANDARD = "gnu++20";
				CLANG_ENABLE_MODULES = YES;
				CLANG_ENABLE_OBJC_ARC = YES;
				CLANG_ENABLE_OBJC_WEAK = YES;
				CLANG_WARN_BLOCK_CAPTURE_AUTORELEASING = YES;
				CLANG_WARN_BOOL_CONVERSION = YES;
				CLANG_WARN_COMMA = YES;
				CLANG_WARN_CONSTANT_CONVERSION = YES;
				CLANG_WARN_DEPRECATED_OBJC_IMPLEMENTATIONS = YES;
				CLANG_WARN_DIRECT_OBJC_ISA_USAGE = YES_ERROR;
				CLANG_WARN_DOCUMENTATION_COMMENTS = YES;
				CLANG_WARN_EMPTY_BODY = YES;
				CLANG_WARN_ENUM_CONVERSION = YES;
				CLANG_WARN_INFINITE_RECURSION = YES;
				CLANG_WARN_INT_CONVERSION = YES;
				CLANG_WARN_NON_LITERAL_NULL_CONVERSION = YES;
				CLANG_WARN_OBJC_IMPLICIT_RETAIN_SELF = YES;
				CLANG_WARN_OBJC_LITERAL_CONVERSION = YES;
				CLANG_WARN_OBJC_ROOT_CLASS = YES_ERROR;
				CLANG_WARN_QUOTED_INCLUDE_IN_FRAMEWORK_HEADER = YES;
				CLANG_WARN_RANGE_LOOP_ANALYSIS = YES;
				CLANG_WARN_STRICT_PROTOTYPES = YES;
				CLANG_WARN_SUSPICIOUS_MOVE = YES;
				CLANG_WARN_UNGUARDED_AVAILABILITY = YES_AGGRESSIVE;
				CLANG_WARN_UNREACHABLE_CODE = YES;
				CLANG_WARN__DUPLICATE_METHOD_MATCH = YES;
				COPY_PHASE_STRIP = NO;
				DEAD_CODE_STRIPPING = YES;
				DEBUG_INFORMATION_FORMAT = "dwarf-with-dsym";
				DEVELOPMENT_TEAM = KCH4HBZ68M;
				ENABLE_NS_ASSERTIONS = NO;
				ENABLE_STRICT_OBJC_MSGSEND = YES;
				ENABLE_USER_SCRIPT_SANDBOXING = YES;
				GCC_C_LANGUAGE_STANDARD = gnu17;
				GCC_NO_COMMON_BLOCKS = YES;
				GCC_WARN_64_TO_32_BIT_CONVERSION = YES;
				GCC_WARN_ABOUT_RETURN_TYPE = YES_ERROR;
				GCC_WARN_UNDECLARED_SELECTOR = YES;
				GCC_WARN_UNINITIALIZED_AUTOS = YES_AGGRESSIVE;
				GCC_WARN_UNUSED_FUNCTION = YES;
				GCC_WARN_UNUSED_VARIABLE = YES;
				LOCALIZATION_PREFERS_STRING_CATALOGS = YES;
				MTL_ENABLE_DEBUG_INFO = NO;
				MTL_FAST_MATH = YES;
				STRING_CATALOG_GENERATE_SYMBOLS = YES;
				SWIFT_COMPILATION_MODE = wholemodule;
			};
			name = Release;
		};
		7589F8112E1B229B005C31D9 /* Debug */ = {
			isa = XCBuildConfiguration;
			baseConfigurationReferenceAnchor = 7589F8012E1B2299005C31D9 /* Saga */;
			baseConfigurationReferenceRelativePath = Config/Config.xcconfig;
			buildSettings = {
				ASSETCATALOG_COMPILER_APPICON_NAME = AppIcon;
				ASSETCATALOG_COMPILER_GLOBAL_ACCENT_COLOR_NAME = AccentColor;
				CODE_SIGN_ENTITLEMENTS = Saga/Config/Saga-Debug.entitlements;
				CODE_SIGN_STYLE = Automatic;
				CURRENT_PROJECT_VERSION = 10294;
				DEAD_CODE_STRIPPING = YES;
				DEVELOPMENT_TEAM = KCH4HBZ68M;
				EMIT_FRONTEND_COMMAND_LINES = YES;
				ENABLE_APP_SANDBOX = NO;
				ENABLE_HARDENED_RUNTIME = YES;
				ENABLE_INCOMING_NETWORK_CONNECTIONS = YES;
				ENABLE_OUTGOING_NETWORK_CONNECTIONS = YES;
				ENABLE_PREVIEWS = YES;
				ENABLE_USER_SELECTED_FILES = readonly;
				GENERATE_INFOPLIST_FILE = YES;
				INFOPLIST_FILE = Saga/Config/Info.plist;
				INFOPLIST_KEY_LSApplicationCategoryType = "public.app-category.productivity";
				"INFOPLIST_KEY_UIApplicationSceneManifest_Generation[sdk=iphoneos*]" = YES;
				"INFOPLIST_KEY_UIApplicationSceneManifest_Generation[sdk=iphonesimulator*]" = YES;
				"INFOPLIST_KEY_UIApplicationSupportsIndirectInputEvents[sdk=iphoneos*]" = YES;
				"INFOPLIST_KEY_UIApplicationSupportsIndirectInputEvents[sdk=iphonesimulator*]" = YES;
				"INFOPLIST_KEY_UILaunchScreen_Generation[sdk=iphoneos*]" = YES;
				"INFOPLIST_KEY_UILaunchScreen_Generation[sdk=iphonesimulator*]" = YES;
				"INFOPLIST_KEY_UIStatusBarStyle[sdk=iphoneos*]" = UIStatusBarStyleDefault;
				"INFOPLIST_KEY_UIStatusBarStyle[sdk=iphonesimulator*]" = UIStatusBarStyleDefault;
				INFOPLIST_KEY_UISupportedInterfaceOrientations_iPad = "UIInterfaceOrientationPortrait UIInterfaceOrientationPortraitUpsideDown UIInterfaceOrientationLandscapeLeft UIInterfaceOrientationLandscapeRight";
				INFOPLIST_KEY_UISupportedInterfaceOrientations_iPhone = "UIInterfaceOrientationPortrait UIInterfaceOrientationLandscapeLeft UIInterfaceOrientationLandscapeRight";
				IPHONEOS_DEPLOYMENT_TARGET = 18.5;
				LD_RUNPATH_SEARCH_PATHS = "@executable_path/Frameworks";
				"LD_RUNPATH_SEARCH_PATHS[sdk=macosx*]" = "@executable_path/../Frameworks";
				MACOSX_DEPLOYMENT_TARGET = 15.5;
				MARKETING_VERSION = 1.1.16;
				OTHER_LDFLAGS = (
					"-Xlinker",
					"-interposable",
				);
				PRODUCT_BUNDLE_IDENTIFIER = com.dylangattey.Saga;
				PRODUCT_NAME = "$(TARGET_NAME)";
				REGISTER_APP_GROUPS = YES;
				SDKROOT = auto;
				SUPPORTED_PLATFORMS = "iphoneos iphonesimulator macosx xros xrsimulator";
				SWIFT_EMIT_LOC_STRINGS = YES;
				SWIFT_VERSION = 5.0;
				TARGETED_DEVICE_FAMILY = "1,2,7";
				XROS_DEPLOYMENT_TARGET = 2.5;
			};
			name = Debug;
		};
		7589F8122E1B229B005C31D9 /* Release */ = {
			isa = XCBuildConfiguration;
			baseConfigurationReferenceAnchor = 7589F8012E1B2299005C31D9 /* Saga */;
			baseConfigurationReferenceRelativePath = Config/Config.xcconfig;
			buildSettings = {
				ASSETCATALOG_COMPILER_APPICON_NAME = AppIcon;
				ASSETCATALOG_COMPILER_GLOBAL_ACCENT_COLOR_NAME = AccentColor;
				CODE_SIGN_ENTITLEMENTS = Saga/Config/Saga.entitlements;
				CODE_SIGN_STYLE = Automatic;
				CURRENT_PROJECT_VERSION = 10294;
				DEAD_CODE_STRIPPING = YES;
				DEVELOPMENT_TEAM = KCH4HBZ68M;
				ENABLE_APP_SANDBOX = YES;
				ENABLE_HARDENED_RUNTIME = YES;
				ENABLE_INCOMING_NETWORK_CONNECTIONS = YES;
				ENABLE_OUTGOING_NETWORK_CONNECTIONS = YES;
				ENABLE_PREVIEWS = YES;
				ENABLE_USER_SELECTED_FILES = readonly;
				GENERATE_INFOPLIST_FILE = YES;
				INFOPLIST_FILE = Saga/Config/Info.plist;
				INFOPLIST_KEY_LSApplicationCategoryType = "public.app-category.productivity";
				"INFOPLIST_KEY_UIApplicationSceneManifest_Generation[sdk=iphoneos*]" = YES;
				"INFOPLIST_KEY_UIApplicationSceneManifest_Generation[sdk=iphonesimulator*]" = YES;
				"INFOPLIST_KEY_UIApplicationSupportsIndirectInputEvents[sdk=iphoneos*]" = YES;
				"INFOPLIST_KEY_UIApplicationSupportsIndirectInputEvents[sdk=iphonesimulator*]" = YES;
				"INFOPLIST_KEY_UILaunchScreen_Generation[sdk=iphoneos*]" = YES;
				"INFOPLIST_KEY_UILaunchScreen_Generation[sdk=iphonesimulator*]" = YES;
				"INFOPLIST_KEY_UIStatusBarStyle[sdk=iphoneos*]" = UIStatusBarStyleDefault;
				"INFOPLIST_KEY_UIStatusBarStyle[sdk=iphonesimulator*]" = UIStatusBarStyleDefault;
				INFOPLIST_KEY_UISupportedInterfaceOrientations_iPad = "UIInterfaceOrientationPortrait UIInterfaceOrientationPortraitUpsideDown UIInterfaceOrientationLandscapeLeft UIInterfaceOrientationLandscapeRight";
				INFOPLIST_KEY_UISupportedInterfaceOrientations_iPhone = "UIInterfaceOrientationPortrait UIInterfaceOrientationLandscapeLeft UIInterfaceOrientationLandscapeRight";
				IPHONEOS_DEPLOYMENT_TARGET = 18.5;
				LD_RUNPATH_SEARCH_PATHS = "@executable_path/Frameworks";
				"LD_RUNPATH_SEARCH_PATHS[sdk=macosx*]" = "@executable_path/../Frameworks";
				MACOSX_DEPLOYMENT_TARGET = 15.5;
				MARKETING_VERSION = 1.1.16;
				PRODUCT_BUNDLE_IDENTIFIER = com.dylangattey.Saga;
				PRODUCT_NAME = "$(TARGET_NAME)";
				REGISTER_APP_GROUPS = YES;
				SDKROOT = auto;
				SUPPORTED_PLATFORMS = "iphoneos iphonesimulator macosx xros xrsimulator";
				SWIFT_EMIT_LOC_STRINGS = YES;
				SWIFT_VERSION = 5.0;
				TARGETED_DEVICE_FAMILY = "1,2,7";
				XROS_DEPLOYMENT_TARGET = 2.5;
			};
			name = Release;
		};
		E24370CA566143C1B9F78C01 /* Debug */ = {
			isa = XCBuildConfiguration;
			buildSettings = {
				CODE_SIGN_STYLE = Automatic;
				DEVELOPMENT_TEAM = KCH4HBZ68M;
				GENERATE_INFOPLIST_FILE = YES;
				MACOSX_DEPLOYMENT_TARGET = 15.5;
				PRODUCT_BUNDLE_IDENTIFIER = com.dylangattey.SagaUITests;
				PRODUCT_NAME = "$(TARGET_NAME)";
				SDKROOT = macosx;
				SWIFT_VERSION = 5.0;
				TEST_TARGET_NAME = Saga;
			};
			name = Debug;
		};
		8709E5D3F3D14457AF1C9BDC /* Release */ = {
			isa = XCBuildConfiguration;
			buildSettings = {
				CODE_SIGN_STYLE = Automatic;
				DEVELOPMENT_TEAM = KCH4HBZ68M;
				GENERATE_INFOPLIST_FILE = YES;
				MACOSX_DEPLOYMENT_TARGET = 15.5;
				PRODUCT_BUNDLE_IDENTIFIER = com.dylangattey.SagaUITests;
				PRODUCT_NAME = "$(TARGET_NAME)";
				SDKROOT = macosx;
				SWIFT_VERSION = 5.0;
				TEST_TARGET_NAME = Saga;
			};
			name = Release;
		};
/* End XCBuildConfiguration section */

/* Begin XCConfigurationList section */
		7589F7FA2E1B2299005C31D9 /* Build configuration list for PBXProject "Saga" */ = {
			isa = XCConfigurationList;
			buildConfigurations = (
				7589F80E2E1B229B005C31D9 /* Debug */,
				7589F80F2E1B229B005C31D9 /* Release */,
			);
			defaultConfigurationIsVisible = 0;
			defaultConfigurationName = Release;
		};
		7589F8102E1B229B005C31D9 /* Build configuration list for PBXNativeTarget "Saga" */ = {
			isa = XCConfigurationList;
			buildConfigurations = (
				7589F8112E1B229B005C31D9 /* Debug */,
				7589F8122E1B229B005C31D9 /* Release */,
			);
			defaultConfigurationIsVisible = 0;
			defaultConfigurationName = Release;
		};
		6568DAA4BF89485CBEEEA555 /* Build configuration list for PBXNativeTarget "SagaUITests" */ = {
			isa = XCConfigurationList;
			buildConfigurations = (
				E24370CA566143C1B9F78C01 /* Debug */,
				8709E5D3F3D14457AF1C9BDC /* Release */,
			);
			defaultConfigurationIsVisible = 0;
			defaultConfigurationName = Release;
		};
/* End XCConfigurationList section */

/* Begin XCRemoteSwiftPackageReference section */
		7558CB442E1CE7E300D92477 /* XCRemoteSwiftPackageReference "Ifrit" */ = {
			isa = XCRemoteSwiftPackageReference;
			repositoryURL = "https://github.com/ukushu/Ifrit";
			requirement = {
				kind = upToNextMajorVersion;
				minimumVersion = 3.0.0;
			};
		};
		7589F8162E1B29E5005C31D9 /* XCRemoteSwiftPackageReference "contentful-persistence" */ = {
			isa = XCRemoteSwiftPackageReference;
			repositoryURL = "https://github.com/contentful/contentful-persistence.swift";
			requirement = {
				kind = upToNextMajorVersion;
				minimumVersion = 0.18.1;
			};
		};
		758F7A292E1E2D58007CDCC8 /* XCRemoteSwiftPackageReference "SwiftCSV" */ = {
			isa = XCRemoteSwiftPackageReference;
			repositoryURL = "https://github.com/swiftcsv/SwiftCSV";
			requirement = {
				kind = upToNextMajorVersion;
				minimumVersion = 0.10.0;
			};
		};
/* End XCRemoteSwiftPackageReference section */

/* Begin XCSwiftPackageProductDependency section */
		7558CB4B2E1CEF2F00D92477 /* Ifrit */ = {
			isa = XCSwiftPackageProductDependency;
			package = 7558CB442E1CE7E300D92477 /* XCRemoteSwiftPackageReference "Ifrit" */;
			productName = Ifrit;
		};
		7589F8172E1B29E5005C31D9 /* ContentfulPersistence */ = {
			isa = XCSwiftPackageProductDependency;
			package = 7589F8162E1B29E5005C31D9 /* XCRemoteSwiftPackageReference "contentful-persistence" */;
			productName = ContentfulPersistence;
		};
		758F7A2A2E1E2D58007CDCC8 /* SwiftCSV */ = {
			isa = XCSwiftPackageProductDependency;
			package = 758F7A292E1E2D58007CDCC8 /* XCRemoteSwiftPackageReference "SwiftCSV" */;
			productName = SwiftCSV;
		};
/* End XCSwiftPackageProductDependency section */
	};
	rootObject = 7589F7F72E1B2299005C31D9 /* Project object */;
}
